{
  "requires": true,
  "lockfileVersion": 1,
  "dependencies": {
    "confetti-js": {
      "version": "0.0.17",
      "resolved": "https://registry.npmjs.org/confetti-js/-/confetti-js-0.0.17.tgz",
      "integrity": "sha512-fuXRujAzoOZ5D2mT2Mtytp094DANipXjB3fc+8T9wrhv9grXUWJwhpwTs3r2YfwFYeriouWySB1vkVpHTi2u+A=="
    }
  }
}
